
Microsoft Visual Studio Solution File, Format Version 12.00
# Visual Studio 15
VisualStudioVersion = 15.0.27004.2006
MinimumVisualStudioVersion = 10.0.40219.1
Project("{8BC9CEB8-8B4A-11D0-8D11-00A0C91BC942}") = "Rap", "Rap\Rap.vcxproj", "{722EEBFF-E67E-45B6-99AA-466E78216EAE}"
EndProject
Global
	GlobalSection(SolutionConfigurationPlatforms) = preSolution
		Debug|x64 = Debug|x64
		Debug|x86 = Debug|x86
		Release|x64 = Release|x64
		Release|x86 = Release|x86
	EndGlobalSection
	GlobalSection(ProjectConfigurationPlatforms) = postSolution
		{722EEBFF-E67E-45B6-99AA-466E78216EAE}.Debug|x64.ActiveCfg = Debug|x64
		{722EEBFF-E67E-45B6-99AA-466E78216EAE}.Debug|x64.Build.0 = Debug|x64
		{722EEBFF-E67E-45B6-99AA-466E78216EAE}.Debug|x86.ActiveCfg = Debug|Win32
		{722EEBFF-E67E-45B6-99AA-466E78216EAE}.Debug|x86.Build.0 = Debug|Win32
		{722EEBFF-E67E-45B6-99AA-466E78216EAE}.Release|x64.ActiveCfg = Release|x64
		{722EEBFF-E67E-45B6-99AA-466E78216EAE}.Release|x64.Build.0 = Release|x64
		{722EEBFF-E67E-45B6-99AA-466E78216EAE}.Release|x86.ActiveCfg = Release|Win32
		{722EEBFF-E67E-45B6-99AA-466E78216EAE}.Release|x86.Build.0 = Release|Win32
	EndGlobalSection
	GlobalSection(SolutionProperties) = preSolution
		HideSolutionNode = FALSE
	EndGlobalSection
	GlobalSection(ExtensibilityGlobals) = postSolution
		SolutionGuid = {AE23D766-2FAC-4D9C-9A94-64CED8E284B7}
	EndGlobalSection
EndGlobal
